
Microsoft Visual Studio Solution File, Format Version 12.00
# Visual Studio Version 17
VisualStudioVersion = 17.9.34728.123
MinimumVisualStudioVersion = 10.0.40219.1
Project("{FAE04EC0-301F-11D3-BF4B-00C04F79EFBC}") = "ConsoleApp2", "ConsoleApp2\ConsoleApp2.csproj", "{A457DB29-7C01-4FC4-914C-696A83F21546}"
EndProject
Global
	GlobalSection(SolutionConfigurationPlatforms) = preSolution
		Debug|Any CPU = Debug|Any CPU
		Release|Any CPU = Release|Any CPU
	EndGlobalSection
	GlobalSection(ProjectConfigurationPlatforms) = postSolution
		{A457DB29-7C01-4FC4-914C-696A83F21546}.Debug|Any CPU.ActiveCfg = Debug|Any CPU
		{A457DB29-7C01-4FC4-914C-696A83F21546}.Debug|Any CPU.Build.0 = Debug|Any CPU
		{A457DB29-7C01-4FC4-914C-696A83F21546}.Release|Any CPU.ActiveCfg = Release|Any CPU
		{A457DB29-7C01-4FC4-914C-696A83F21546}.Release|Any CPU.Build.0 = Release|Any CPU
	EndGlobalSection
	GlobalSection(SolutionProperties) = preSolution
		HideSolutionNode = FALSE
	EndGlobalSection
	GlobalSection(ExtensibilityGlobals) = postSolution
		SolutionGuid = {2C49153D-C31B-40E7-B515-F98BFF007051}
	EndGlobalSection
EndGlobal
