
Microsoft Visual Studio Solution File, Format Version 12.00
# Visual Studio Version 17
VisualStudioVersion = 17.9.34728.123
MinimumVisualStudioVersion = 10.0.40219.1
Project("{FAE04EC0-301F-11D3-BF4B-00C04F79EFBC}") = "EFConsoleTutorial", "SchoolDbContext\EFConsoleTutorial.csproj", "{F5068933-2918-409D-B20D-E7358849E06C}"
EndProject
Global
	GlobalSection(SolutionConfigurationPlatforms) = preSolution
		Debug|Any CPU = Debug|Any CPU
		Release|Any CPU = Release|Any CPU
	EndGlobalSection
	GlobalSection(ProjectConfigurationPlatforms) = postSolution
		{F5068933-2918-409D-B20D-E7358849E06C}.Debug|Any CPU.ActiveCfg = Debug|Any CPU
		{F5068933-2918-409D-B20D-E7358849E06C}.Debug|Any CPU.Build.0 = Debug|Any CPU
		{F5068933-2918-409D-B20D-E7358849E06C}.Release|Any CPU.ActiveCfg = Release|Any CPU
		{F5068933-2918-409D-B20D-E7358849E06C}.Release|Any CPU.Build.0 = Release|Any CPU
	EndGlobalSection
	GlobalSection(SolutionProperties) = preSolution
		HideSolutionNode = FALSE
	EndGlobalSection
	GlobalSection(ExtensibilityGlobals) = postSolution
		SolutionGuid = {BB403735-D8DA-415B-875B-415ED169A70F}
	EndGlobalSection
EndGlobal
