
Microsoft Visual Studio Solution File, Format Version 12.00
# Visual Studio Version 17
VisualStudioVersion = 17.9.34728.123
MinimumVisualStudioVersion = 10.0.40219.1
Project("{FAE04EC0-301F-11D3-BF4B-00C04F79EFBC}") = "EFCoreTutorialConsole", "EFCoreTutorialConsole\EFCoreTutorialConsole.csproj", "{A1839AB4-C9A9-431C-9211-0B2169FBA714}"
EndProject
Global
	GlobalSection(SolutionConfigurationPlatforms) = preSolution
		Debug|Any CPU = Debug|Any CPU
		Release|Any CPU = Release|Any CPU
	EndGlobalSection
	GlobalSection(ProjectConfigurationPlatforms) = postSolution
		{A1839AB4-C9A9-431C-9211-0B2169FBA714}.Debug|Any CPU.ActiveCfg = Debug|Any CPU
		{A1839AB4-C9A9-431C-9211-0B2169FBA714}.Debug|Any CPU.Build.0 = Debug|Any CPU
		{A1839AB4-C9A9-431C-9211-0B2169FBA714}.Release|Any CPU.ActiveCfg = Release|Any CPU
		{A1839AB4-C9A9-431C-9211-0B2169FBA714}.Release|Any CPU.Build.0 = Release|Any CPU
	EndGlobalSection
	GlobalSection(SolutionProperties) = preSolution
		HideSolutionNode = FALSE
	EndGlobalSection
	GlobalSection(ExtensibilityGlobals) = postSolution
		SolutionGuid = {FFF13073-2D61-424D-ABF3-DB8FB8A611EB}
	EndGlobalSection
EndGlobal
